{
  "schema_version": 1,
  "contract": {
    "id": "ishiku-design-5",
    "version": "5.0.0",
    "sha256": "46628d1b69e5c27c3a339a31afbb7c3bed8d148b2fb0916c975407d86e9a1516"
  },
  "application": {
    "id": "dyniku",
    "authentication": "standard-account",
    "locale": "en"
  },
  "implementation": [
    {
      "path": "internal/server/ui/static/design-system/components.css",
      "sha256": "3fe59132586cd63bea14f174f5cd30e038a527e5e61acace999cd25563bbf155",
      "roles": [
        "components"
      ]
    },
    {
      "path": "internal/server/ui/static/design-system/theme-controller.js",
      "sha256": "6e98d9d998b8fb57cc37f8291d7beaadec7790a737b0374388793f58f703f686",
      "roles": [
        "theme-controller"
      ]
    },
    {
      "path": "internal/server/ui/static/design-system/tokens.css",
      "sha256": "3cad920738ec3fb21ba8b0250c0f5a5bd541b795ed750f34eb9fd7eb75e61faf",
      "roles": [
        "tokens"
      ]
    }
  ]
}
