{
  "schema_version": 1,
  "contract": {
    "id": "ishiku-design-5",
    "version": "5.0.0",
    "sha256": "46628d1b69e5c27c3a339a31afbb7c3bed8d148b2fb0916c975407d86e9a1516"
  },
  "application": {
    "id": "dyniku",
    "authentication": "standard-account",
    "locale": "en"
  },
  "implementation": [
    {
      "path": "internal/server/ui/static/design-system/components.css",
      "sha256": "5bc01946944ec7cbba1f1798060c426c596873f51d7cde14aa043f74caac201d",
      "roles": [
        "components"
      ]
    },
    {
      "path": "internal/server/ui/static/design-system/theme-controller.js",
      "sha256": "6e98d9d998b8fb57cc37f8291d7beaadec7790a737b0374388793f58f703f686",
      "roles": [
        "theme-controller"
      ]
    },
    {
      "path": "internal/server/ui/static/design-system/tokens.css",
      "sha256": "fef640e4ae2efa8ddee021bad6bfc0acd952dc63c594fd9051172521b950b69e",
      "roles": [
        "tokens"
      ]
    }
  ]
}
